// !$*UTF8*$!
{
	archiveVersion = 1;
	classes = {
	};
	objectVersion = 55;
	objects = {

/* Begin PBXBuildFile section */
		4218C5D6285463C000F00B6F /* NetworkingManager.swift in Sources */ = {isa = PBXBuildFile; fileRef = 4218C5D5285463C000F00B6F /* NetworkingManager.swift */; };
		4218C5D82854931D00F00B6F /* APIManager.swift in Sources */ = {isa = PBXBuildFile; fileRef = 4218C5D72854931D00F00B6F /* APIManager.swift */; };
		4218C5DB285498F700F00B6F /* PreviewProvider.swift in Sources */ = {isa = PBXBuildFile; fileRef = 4218C5DA285498F700F00B6F /* PreviewProvider.swift */; };
		4218C5DD2854A31D00F00B6F /* QuoteService.swift in Sources */ = {isa = PBXBuildFile; fileRef = 4218C5DC2854A31D00F00B6F /* QuoteService.swift */; };
		42470A1C28520FB200EBF140 /* StockMarketApp.swift in Sources */ = {isa = PBXBuildFile; fileRef = 42470A1B28520FB200EBF140 /* StockMarketApp.swift */; };
		42470A1E28520FB200EBF140 /* ContentView.swift in Sources */ = {isa = PBXBuildFile; fileRef = 42470A1D28520FB200EBF140 /* ContentView.swift */; };
		42470A2028520FB400EBF140 /* Assets.xcassets in Resources */ = {isa = PBXBuildFile; fileRef = 42470A1F28520FB400EBF140 /* Assets.xcassets */; };
		42470A2328520FB400EBF140 /* Preview Assets.xcassets in Resources */ = {isa = PBXBuildFile; fileRef = 42470A2228520FB400EBF140 /* Preview Assets.xcassets */; };
		42470A2B28520FC300EBF140 /* StockModel.swift in Sources */ = {isa = PBXBuildFile; fileRef = 42470A2A28520FC300EBF140 /* StockModel.swift */; };
		4281C21828558EF900CB93B0 /* Date.swift in Sources */ = {isa = PBXBuildFile; fileRef = 4281C21728558EF900CB93B0 /* Date.swift */; };
		4281C21A28559F3300CB93B0 /* SearchModel.swift in Sources */ = {isa = PBXBuildFile; fileRef = 4281C21928559F3300CB93B0 /* SearchModel.swift */; };
		4281C21C2855BB5500CB93B0 /* SearchService.swift in Sources */ = {isa = PBXBuildFile; fileRef = 4281C21B2855BB5500CB93B0 /* SearchService.swift */; };
		4281C21E2855BE0A00CB93B0 /* SearchBarView.swift in Sources */ = {isa = PBXBuildFile; fileRef = 4281C21D2855BE0A00CB93B0 /* SearchBarView.swift */; };
		4281C2212855C10100CB93B0 /* SearchListView.swift in Sources */ = {isa = PBXBuildFile; fileRef = 4281C2202855C10100CB93B0 /* SearchListView.swift */; };
		4281C2252855E18700CB93B0 /* SearchListViewModel.swift in Sources */ = {isa = PBXBuildFile; fileRef = 4281C2242855E18700CB93B0 /* SearchListViewModel.swift */; };
		4281C2272855FE5A00CB93B0 /* SearchListRow.swift in Sources */ = {isa = PBXBuildFile; fileRef = 4281C2262855FE5A00CB93B0 /* SearchListRow.swift */; };
		42F3920C2852F6D400389A8B /* StockDataService.swift in Sources */ = {isa = PBXBuildFile; fileRef = 42F3920B2852F6D400389A8B /* StockDataService.swift */; };
		42F392132852FEC900389A8B /* WatchListView.swift in Sources */ = {isa = PBXBuildFile; fileRef = 42F392122852FEC900389A8B /* WatchListView.swift */; };
		42F392152852FED600389A8B /* WatchListViewModel.swift in Sources */ = {isa = PBXBuildFile; fileRef = 42F392142852FED600389A8B /* WatchListViewModel.swift */; };
		42FECDA1285584A400750DD5 /* WatchListRow.swift in Sources */ = {isa = PBXBuildFile; fileRef = 42FECDA0285584A400750DD5 /* WatchListRow.swift */; };
		42FECDA32855890700750DD5 /* Color.swift in Sources */ = {isa = PBXBuildFile; fileRef = 42FECDA22855890700750DD5 /* Color.swift */; };
/* End PBXBuildFile section */

/* Begin PBXFileReference section */
		4218C5D5285463C000F00B6F /* NetworkingManager.swift */ = {isa = PBXFileReference; lastKnownFileType = sourcecode.swift; path = NetworkingManager.swift; sourceTree = "<group>"; };
		4218C5D72854931D00F00B6F /* APIManager.swift */ = {isa = PBXFileReference; lastKnownFileType = sourcecode.swift; path = APIManager.swift; sourceTree = "<group>"; };
		4218C5DA285498F700F00B6F /* PreviewProvider.swift */ = {isa = PBXFileReference; lastKnownFileType = sourcecode.swift; path = PreviewProvider.swift; sourceTree = "<group>"; };
		4218C5DC2854A31D00F00B6F /* QuoteService.swift */ = {isa = PBXFileReference; lastKnownFileType = sourcecode.swift; path = QuoteService.swift; sourceTree = "<group>"; };
		42470A1828520FB200EBF140 /* StockMarket.app */ = {isa = PBXFileReference; explicitFileType = wrapper.application; includeInIndex = 0; path = StockMarket.app; sourceTree = BUILT_PRODUCTS_DIR; };
		42470A1B28520FB200EBF140 /* StockMarketApp.swift */ = {isa = PBXFileReference; lastKnownFileType = sourcecode.swift; path = StockMarketApp.swift; sourceTree = "<group>"; };
		42470A1D28520FB200EBF140 /* ContentView.swift */ = {isa = PBXFileReference; lastKnownFileType = sourcecode.swift; path = ContentView.swift; sourceTree = "<group>"; };
		42470A1F28520FB400EBF140 /* Assets.xcassets */ = {isa = PBXFileReference; lastKnownFileType = folder.assetcatalog; path = Assets.xcassets; sourceTree = "<group>"; };
		42470A2228520FB400EBF140 /* Preview Assets.xcassets */ = {isa = PBXFileReference; lastKnownFileType = folder.assetcatalog; path = "Preview Assets.xcassets"; sourceTree = "<group>"; };
		42470A2A28520FC300EBF140 /* StockModel.swift */ = {isa = PBXFileReference; lastKnownFileType = sourcecode.swift; path = StockModel.swift; sourceTree = "<group>"; };
		4281C21728558EF900CB93B0 /* Date.swift */ = {isa = PBXFileReference; lastKnownFileType = sourcecode.swift; path = Date.swift; sourceTree = "<group>"; };
		4281C21928559F3300CB93B0 /* SearchModel.swift */ = {isa = PBXFileReference; lastKnownFileType = sourcecode.swift; path = SearchModel.swift; sourceTree = "<group>"; };
		4281C21B2855BB5500CB93B0 /* SearchService.swift */ = {isa = PBXFileReference; lastKnownFileType = sourcecode.swift; path = SearchService.swift; sourceTree = "<group>"; };
		4281C21D2855BE0A00CB93B0 /* SearchBarView.swift */ = {isa = PBXFileReference; lastKnownFileType = sourcecode.swift; path = SearchBarView.swift; sourceTree = "<group>"; };
		4281C2202855C10100CB93B0 /* SearchListView.swift */ = {isa = PBXFileReference; lastKnownFileType = sourcecode.swift; path = SearchListView.swift; sourceTree = "<group>"; };
		4281C2242855E18700CB93B0 /* SearchListViewModel.swift */ = {isa = PBXFileReference; lastKnownFileType = sourcecode.swift; path = SearchListViewModel.swift; sourceTree = "<group>"; };
		4281C2262855FE5A00CB93B0 /* SearchListRow.swift */ = {isa = PBXFileReference; lastKnownFileType = sourcecode.swift; path = SearchListRow.swift; sourceTree = "<group>"; };
		42F3920B2852F6D400389A8B /* StockDataService.swift */ = {isa = PBXFileReference; lastKnownFileType = sourcecode.swift; path = StockDataService.swift; sourceTree = "<group>"; };
		42F392122852FEC900389A8B /* WatchListView.swift */ = {isa = PBXFileReference; lastKnownFileType = sourcecode.swift; path = WatchListView.swift; sourceTree = "<group>"; };
		42F392142852FED600389A8B /* WatchListViewModel.swift */ = {isa = PBXFileReference; lastKnownFileType = sourcecode.swift; path = WatchListViewModel.swift; sourceTree = "<group>"; };
		42FECDA0285584A400750DD5 /* WatchListRow.swift */ = {isa = PBXFileReference; lastKnownFileType = sourcecode.swift; path = WatchListRow.swift; sourceTree = "<group>"; };
		42FECDA22855890700750DD5 /* Color.swift */ = {isa = PBXFileReference; lastKnownFileType = sourcecode.swift; path = Color.swift; sourceTree = "<group>"; };
/* End PBXFileReference section */

/* Begin PBXFrameworksBuildPhase section */
		42470A1528520FB200EBF140 /* Frameworks */ = {
			isa = PBXFrameworksBuildPhase;
			buildActionMask = 2147483647;
			files = (
			);
			runOnlyForDeploymentPostprocessing = 0;
		};
/* End PBXFrameworksBuildPhase section */

/* Begin PBXGroup section */
		4218C5D9285498D200F00B6F /* Extensions */ = {
			isa = PBXGroup;
			children = (
				4218C5DA285498F700F00B6F /* PreviewProvider.swift */,
				42FECDA22855890700750DD5 /* Color.swift */,
				4281C21728558EF900CB93B0 /* Date.swift */,
			);
			path = Extensions;
			sourceTree = "<group>";
		};
		42470A0F28520FB200EBF140 = {
			isa = PBXGroup;
			children = (
				42470A1A28520FB200EBF140 /* StockMarket */,
				42470A1928520FB200EBF140 /* Products */,
			);
			sourceTree = "<group>";
		};
		42470A1928520FB200EBF140 /* Products */ = {
			isa = PBXGroup;
			children = (
				42470A1828520FB200EBF140 /* StockMarket.app */,
			);
			name = Products;
			sourceTree = "<group>";
		};
		42470A1A28520FB200EBF140 /* StockMarket */ = {
			isa = PBXGroup;
			children = (
				4218C5D9285498D200F00B6F /* Extensions */,
				42F3920D2852F6D800389A8B /* Utilities */,
				42F3920A2852F6C500389A8B /* Services */,
				42470A2928520FBA00EBF140 /* Model */,
				42F3920E2852FE9700389A8B /* Core */,
				42470A1B28520FB200EBF140 /* StockMarketApp.swift */,
				42470A1D28520FB200EBF140 /* ContentView.swift */,
				42470A1F28520FB400EBF140 /* Assets.xcassets */,
				42470A2128520FB400EBF140 /* Preview Content */,
			);
			path = StockMarket;
			sourceTree = "<group>";
		};
		42470A2128520FB400EBF140 /* Preview Content */ = {
			isa = PBXGroup;
			children = (
				42470A2228520FB400EBF140 /* Preview Assets.xcassets */,
			);
			path = "Preview Content";
			sourceTree = "<group>";
		};
		42470A2928520FBA00EBF140 /* Model */ = {
			isa = PBXGroup;
			children = (
				42470A2A28520FC300EBF140 /* StockModel.swift */,
				4281C21928559F3300CB93B0 /* SearchModel.swift */,
			);
			path = Model;
			sourceTree = "<group>";
		};
		4281C21F2855C0DE00CB93B0 /* SearchList */ = {
			isa = PBXGroup;
			children = (
				4281C2232855E16100CB93B0 /* ViewModels */,
				4281C2222855E15E00CB93B0 /* Views */,
			);
			path = SearchList;
			sourceTree = "<group>";
		};
		4281C2222855E15E00CB93B0 /* Views */ = {
			isa = PBXGroup;
			children = (
				4281C2202855C10100CB93B0 /* SearchListView.swift */,
			);
			path = Views;
			sourceTree = "<group>";
		};
		4281C2232855E16100CB93B0 /* ViewModels */ = {
			isa = PBXGroup;
			children = (
				4281C2242855E18700CB93B0 /* SearchListViewModel.swift */,
			);
			path = ViewModels;
			sourceTree = "<group>";
		};
		42F3920A2852F6C500389A8B /* Services */ = {
			isa = PBXGroup;
			children = (
				42F3920B2852F6D400389A8B /* StockDataService.swift */,
				4218C5DC2854A31D00F00B6F /* QuoteService.swift */,
				4281C21B2855BB5500CB93B0 /* SearchService.swift */,
			);
			path = Services;
			sourceTree = "<group>";
		};
		42F3920D2852F6D800389A8B /* Utilities */ = {
			isa = PBXGroup;
			children = (
				4218C5D5285463C000F00B6F /* NetworkingManager.swift */,
				4218C5D72854931D00F00B6F /* APIManager.swift */,
			);
			path = Utilities;
			sourceTree = "<group>";
		};
		42F3920E2852FE9700389A8B /* Core */ = {
			isa = PBXGroup;
			children = (
				4281C21F2855C0DE00CB93B0 /* SearchList */,
				42FECD9F2855848200750DD5 /* Components */,
				42F3920F2852FEA000389A8B /* WatchList */,
			);
			path = Core;
			sourceTree = "<group>";
		};
		42F3920F2852FEA000389A8B /* WatchList */ = {
			isa = PBXGroup;
			children = (
				42F392112852FEBE00389A8B /* ViewModels */,
				42F392102852FEBA00389A8B /* Views */,
			);
			path = WatchList;
			sourceTree = "<group>";
		};
		42F392102852FEBA00389A8B /* Views */ = {
			isa = PBXGroup;
			children = (
				42F392122852FEC900389A8B /* WatchListView.swift */,
			);
			path = Views;
			sourceTree = "<group>";
		};
		42F392112852FEBE00389A8B /* ViewModels */ = {
			isa = PBXGroup;
			children = (
				42F392142852FED600389A8B /* WatchListViewModel.swift */,
			);
			path = ViewModels;
			sourceTree = "<group>";
		};
		42FECD9F2855848200750DD5 /* Components */ = {
			isa = PBXGroup;
			children = (
				42FECDA0285584A400750DD5 /* WatchListRow.swift */,
				4281C21D2855BE0A00CB93B0 /* SearchBarView.swift */,
				4281C2262855FE5A00CB93B0 /* SearchListRow.swift */,
			);
			path = Components;
			sourceTree = "<group>";
		};
/* End PBXGroup section */

/* Begin PBXNativeTarget section */
		42470A1728520FB200EBF140 /* StockMarket */ = {
			isa = PBXNativeTarget;
			buildConfigurationList = 42470A2628520FB400EBF140 /* Build configuration list for PBXNativeTarget "StockMarket" */;
			buildPhases = (
				42470A1428520FB200EBF140 /* Sources */,
				42470A1528520FB200EBF140 /* Frameworks */,
				42470A1628520FB200EBF140 /* Resources */,
			);
			buildRules = (
			);
			dependencies = (
			);
			name = StockMarket;
			productName = StockMarket;
			productReference = 42470A1828520FB200EBF140 /* StockMarket.app */;
			productType = "com.apple.product-type.application";
		};
/* End PBXNativeTarget section */

/* Begin PBXProject section */
		42470A1028520FB200EBF140 /* Project object */ = {
			isa = PBXProject;
			attributes = {
				BuildIndependentTargetsInParallel = 1;
				LastSwiftUpdateCheck = 1340;
				LastUpgradeCheck = 1340;
				TargetAttributes = {
					42470A1728520FB200EBF140 = {
						CreatedOnToolsVersion = 13.4.1;
					};
				};
			};
			buildConfigurationList = 42470A1328520FB200EBF140 /* Build configuration list for PBXProject "StockMarket" */;
			compatibilityVersion = "Xcode 13.0";
			developmentRegion = en;
			hasScannedForEncodings = 0;
			knownRegions = (
				en,
				Base,
			);
			mainGroup = 42470A0F28520FB200EBF140;
			productRefGroup = 42470A1928520FB200EBF140 /* Products */;
			projectDirPath = "";
			projectRoot = "";
			targets = (
				42470A1728520FB200EBF140 /* StockMarket */,
			);
		};
/* End PBXProject section */

/* Begin PBXResourcesBuildPhase section */
		42470A1628520FB200EBF140 /* Resources */ = {
			isa = PBXResourcesBuildPhase;
			buildActionMask = 2147483647;
			files = (
				42470A2328520FB400EBF140 /* Preview Assets.xcassets in Resources */,
				42470A2028520FB400EBF140 /* Assets.xcassets in Resources */,
			);
			runOnlyForDeploymentPostprocessing = 0;
		};
/* End PBXResourcesBuildPhase section */

/* Begin PBXSourcesBuildPhase section */
		42470A1428520FB200EBF140 /* Sources */ = {
			isa = PBXSourcesBuildPhase;
			buildActionMask = 2147483647;
			files = (
				4281C2272855FE5A00CB93B0 /* SearchListRow.swift in Sources */,
				4218C5D82854931D00F00B6F /* APIManager.swift in Sources */,
				42F392152852FED600389A8B /* WatchListViewModel.swift in Sources */,
				4218C5DD2854A31D00F00B6F /* QuoteService.swift in Sources */,
				4281C2212855C10100CB93B0 /* SearchListView.swift in Sources */,
				42F3920C2852F6D400389A8B /* StockDataService.swift in Sources */,
				4281C21E2855BE0A00CB93B0 /* SearchBarView.swift in Sources */,
				42FECDA1285584A400750DD5 /* WatchListRow.swift in Sources */,
				42FECDA32855890700750DD5 /* Color.swift in Sources */,
				42470A1E28520FB200EBF140 /* ContentView.swift in Sources */,
				42470A1C28520FB200EBF140 /* StockMarketApp.swift in Sources */,
				42F392132852FEC900389A8B /* WatchListView.swift in Sources */,
				42470A2B28520FC300EBF140 /* StockModel.swift in Sources */,
				4218C5DB285498F700F00B6F /* PreviewProvider.swift in Sources */,
				4281C21A28559F3300CB93B0 /* SearchModel.swift in Sources */,
				4281C2252855E18700CB93B0 /* SearchListViewModel.swift in Sources */,
				4281C21C2855BB5500CB93B0 /* SearchService.swift in Sources */,
				4281C21828558EF900CB93B0 /* Date.swift in Sources */,
				4218C5D6285463C000F00B6F /* NetworkingManager.swift in Sources */,
			);
			runOnlyForDeploymentPostprocessing = 0;
		};
/* End PBXSourcesBuildPhase section */

/* Begin XCBuildConfiguration section */
		42470A2428520FB400EBF140 /* Debug */ = {
			isa = XCBuildConfiguration;
			buildSettings = {
				ALWAYS_SEARCH_USER_PATHS = NO;
				CLANG_ANALYZER_NONNULL = YES;
				CLANG_ANALYZER_NUMBER_OBJECT_CONVERSION = YES_AGGRESSIVE;
				CLANG_CXX_LANGUAGE_STANDARD = "gnu++17";
				CLANG_ENABLE_MODULES = YES;
				CLANG_ENABLE_OBJC_ARC = YES;
				CLANG_ENABLE_OBJC_WEAK = YES;
				CLANG_WARN_BLOCK_CAPTURE_AUTORELEASING = YES;
				CLANG_WARN_BOOL_CONVERSION = YES;
				CLANG_WARN_COMMA = YES;
				CLANG_WARN_CONSTANT_CONVERSION = YES;
				CLANG_WARN_DEPRECATED_OBJC_IMPLEMENTATIONS = YES;
				CLANG_WARN_DIRECT_OBJC_ISA_USAGE = YES_ERROR;
				CLANG_WARN_DOCUMENTATION_COMMENTS = YES;
				CLANG_WARN_EMPTY_BODY = YES;
				CLANG_WARN_ENUM_CONVERSION = YES;
				CLANG_WARN_INFINITE_RECURSION = YES;
				CLANG_WARN_INT_CONVERSION = YES;
				CLANG_WARN_NON_LITERAL_NULL_CONVERSION = YES;
				CLANG_WARN_OBJC_IMPLICIT_RETAIN_SELF = YES;
				CLANG_WARN_OBJC_LITERAL_CONVERSION = YES;
				CLANG_WARN_OBJC_ROOT_CLASS = YES_ERROR;
				CLANG_WARN_QUOTED_INCLUDE_IN_FRAMEWORK_HEADER = YES;
				CLANG_WARN_RANGE_LOOP_ANALYSIS = YES;
				CLANG_WARN_STRICT_PROTOTYPES = YES;
				CLANG_WARN_SUSPICIOUS_MOVE = YES;
				CLANG_WARN_UNGUARDED_AVAILABILITY = YES_AGGRESSIVE;
				CLANG_WARN_UNREACHABLE_CODE = YES;
				CLANG_WARN__DUPLICATE_METHOD_MATCH = YES;
				COPY_PHASE_STRIP = NO;
				DEBUG_INFORMATION_FORMAT = dwarf;
				ENABLE_STRICT_OBJC_MSGSEND = YES;
				ENABLE_TESTABILITY = YES;
				GCC_C_LANGUAGE_STANDARD = gnu11;
				GCC_DYNAMIC_NO_PIC = NO;
				GCC_NO_COMMON_BLOCKS = YES;
				GCC_OPTIMIZATION_LEVEL = 0;
				GCC_PREPROCESSOR_DEFINITIONS = (
					"DEBUG=1",
					"$(inherited)",
				);
				GCC_WARN_64_TO_32_BIT_CONVERSION = YES;
				GCC_WARN_ABOUT_RETURN_TYPE = YES_ERROR;
				GCC_WARN_UNDECLARED_SELECTOR = YES;
				GCC_WARN_UNINITIALIZED_AUTOS = YES_AGGRESSIVE;
				GCC_WARN_UNUSED_FUNCTION = YES;
				GCC_WARN_UNUSED_VARIABLE = YES;
				IPHONEOS_DEPLOYMENT_TARGET = 15.5;
				MTL_ENABLE_DEBUG_INFO = INCLUDE_SOURCE;
				MTL_FAST_MATH = YES;
				ONLY_ACTIVE_ARCH = YES;
				SDKROOT = iphoneos;
				SWIFT_ACTIVE_COMPILATION_CONDITIONS = DEBUG;
				SWIFT_OPTIMIZATION_LEVEL = "-Onone";
			};
			name = Debug;
		};
		42470A2528520FB400EBF140 /* Release */ = {
			isa = XCBuildConfiguration;
			buildSettings = {
				ALWAYS_SEARCH_USER_PATHS = NO;
				CLANG_ANALYZER_NONNULL = YES;
				CLANG_ANALYZER_NUMBER_OBJECT_CONVERSION = YES_AGGRESSIVE;
				CLANG_CXX_LANGUAGE_STANDARD = "gnu++17";
				CLANG_ENABLE_MODULES = YES;
				CLANG_ENABLE_OBJC_ARC = YES;
				CLANG_ENABLE_OBJC_WEAK = YES;
				CLANG_WARN_BLOCK_CAPTURE_AUTORELEASING = YES;
				CLANG_WARN_BOOL_CONVERSION = YES;
				CLANG_WARN_COMMA = YES;
				CLANG_WARN_CONSTANT_CONVERSION = YES;
				CLANG_WARN_DEPRECATED_OBJC_IMPLEMENTATIONS = YES;
				CLANG_WARN_DIRECT_OBJC_ISA_USAGE = YES_ERROR;
				CLANG_WARN_DOCUMENTATION_COMMENTS = YES;
				CLANG_WARN_EMPTY_BODY = YES;
				CLANG_WARN_ENUM_CONVERSION = YES;
				CLANG_WARN_INFINITE_RECURSION = YES;
				CLANG_WARN_INT_CONVERSION = YES;
				CLANG_WARN_NON_LITERAL_NULL_CONVERSION = YES;
				CLANG_WARN_OBJC_IMPLICIT_RETAIN_SELF = YES;
				CLANG_WARN_OBJC_LITERAL_CONVERSION = YES;
				CLANG_WARN_OBJC_ROOT_CLASS = YES_ERROR;
				CLANG_WARN_QUOTED_INCLUDE_IN_FRAMEWORK_HEADER = YES;
				CLANG_WARN_RANGE_LOOP_ANALYSIS = YES;
				CLANG_WARN_STRICT_PROTOTYPES = YES;
				CLANG_WARN_SUSPICIOUS_MOVE = YES;
				CLANG_WARN_UNGUARDED_AVAILABILITY = YES_AGGRESSIVE;
				CLANG_WARN_UNREACHABLE_CODE = YES;
				CLANG_WARN__DUPLICATE_METHOD_MATCH = YES;
				COPY_PHASE_STRIP = NO;
				DEBUG_INFORMATION_FORMAT = "dwarf-with-dsym";
				ENABLE_NS_ASSERTIONS = NO;
				ENABLE_STRICT_OBJC_MSGSEND = YES;
				GCC_C_LANGUAGE_STANDARD = gnu11;
				GCC_NO_COMMON_BLOCKS = YES;
				GCC_WARN_64_TO_32_BIT_CONVERSION = YES;
				GCC_WARN_ABOUT_RETURN_TYPE = YES_ERROR;
				GCC_WARN_UNDECLARED_SELECTOR = YES;
				GCC_WARN_UNINITIALIZED_AUTOS = YES_AGGRESSIVE;
				GCC_WARN_UNUSED_FUNCTION = YES;
				GCC_WARN_UNUSED_VARIABLE = YES;
				IPHONEOS_DEPLOYMENT_TARGET = 15.5;
				MTL_ENABLE_DEBUG_INFO = NO;
				MTL_FAST_MATH = YES;
				SDKROOT = iphoneos;
				SWIFT_COMPILATION_MODE = wholemodule;
				SWIFT_OPTIMIZATION_LEVEL = "-O";
				VALIDATE_PRODUCT = YES;
			};
			name = Release;
		};
		42470A2728520FB400EBF140 /* Debug */ = {
			isa = XCBuildConfiguration;
			buildSettings = {
				ASSETCATALOG_COMPILER_APPICON_NAME = AppIcon;
				ASSETCATALOG_COMPILER_GLOBAL_ACCENT_COLOR_NAME = AccentColor;
				CODE_SIGN_STYLE = Automatic;
				CURRENT_PROJECT_VERSION = 1;
				DEVELOPMENT_ASSET_PATHS = "\"StockMarket/Preview Content\"";
				DEVELOPMENT_TEAM = XLS842JFZV;
				ENABLE_PREVIEWS = YES;
				GENERATE_INFOPLIST_FILE = YES;
				INFOPLIST_KEY_UIApplicationSceneManifest_Generation = YES;
				INFOPLIST_KEY_UIApplicationSupportsIndirectInputEvents = YES;
				INFOPLIST_KEY_UILaunchScreen_Generation = YES;
				INFOPLIST_KEY_UISupportedInterfaceOrientations_iPad = "UIInterfaceOrientationPortrait UIInterfaceOrientationPortraitUpsideDown UIInterfaceOrientationLandscapeLeft UIInterfaceOrientationLandscapeRight";
				INFOPLIST_KEY_UISupportedInterfaceOrientations_iPhone = "UIInterfaceOrientationPortrait UIInterfaceOrientationLandscapeLeft UIInterfaceOrientationLandscapeRight";
				LD_RUNPATH_SEARCH_PATHS = (
					"$(inherited)",
					"@executable_path/Frameworks",
				);
				MARKETING_VERSION = 1.0;
				PRODUCT_BUNDLE_IDENTIFIER = "Mr.-Beast.StockMarket";
				PRODUCT_NAME = "$(TARGET_NAME)";
				SWIFT_EMIT_LOC_STRINGS = YES;
				SWIFT_VERSION = 5.0;
				TARGETED_DEVICE_FAMILY = "1,2";
			};
			name = Debug;
		};
		42470A2828520FB400EBF140 /* Release */ = {
			isa = XCBuildConfiguration;
			buildSettings = {
				ASSETCATALOG_COMPILER_APPICON_NAME = AppIcon;
				ASSETCATALOG_COMPILER_GLOBAL_ACCENT_COLOR_NAME = AccentColor;
				CODE_SIGN_STYLE = Automatic;
				CURRENT_PROJECT_VERSION = 1;
				DEVELOPMENT_ASSET_PATHS = "\"StockMarket/Preview Content\"";
				DEVELOPMENT_TEAM = XLS842JFZV;
				ENABLE_PREVIEWS = YES;
				GENERATE_INFOPLIST_FILE = YES;
				INFOPLIST_KEY_UIApplicationSceneManifest_Generation = YES;
				INFOPLIST_KEY_UIApplicationSupportsIndirectInputEvents = YES;
				INFOPLIST_KEY_UILaunchScreen_Generation = YES;
				INFOPLIST_KEY_UISupportedInterfaceOrientations_iPad = "UIInterfaceOrientationPortrait UIInterfaceOrientationPortraitUpsideDown UIInterfaceOrientationLandscapeLeft UIInterfaceOrientationLandscapeRight";
				INFOPLIST_KEY_UISupportedInterfaceOrientations_iPhone = "UIInterfaceOrientationPortrait UIInterfaceOrientationLandscapeLeft UIInterfaceOrientationLandscapeRight";
				LD_RUNPATH_SEARCH_PATHS = (
					"$(inherited)",
					"@executable_path/Frameworks",
				);
				MARKETING_VERSION = 1.0;
				PRODUCT_BUNDLE_IDENTIFIER = "Mr.-Beast.StockMarket";
				PRODUCT_NAME = "$(TARGET_NAME)";
				SWIFT_EMIT_LOC_STRINGS = YES;
				SWIFT_VERSION = 5.0;
				TARGETED_DEVICE_FAMILY = "1,2";
			};
			name = Release;
		};
/* End XCBuildConfiguration section */

/* Begin XCConfigurationList section */
		42470A1328520FB200EBF140 /* Build configuration list for PBXProject "StockMarket" */ = {
			isa = XCConfigurationList;
			buildConfigurations = (
				42470A2428520FB400EBF140 /* Debug */,
				42470A2528520FB400EBF140 /* Release */,
			);
			defaultConfigurationIsVisible = 0;
			defaultConfigurationName = Release;
		};
		42470A2628520FB400EBF140 /* Build configuration list for PBXNativeTarget "StockMarket" */ = {
			isa = XCConfigurationList;
			buildConfigurations = (
				42470A2728520FB400EBF140 /* Debug */,
				42470A2828520FB400EBF140 /* Release */,
			);
			defaultConfigurationIsVisible = 0;
			defaultConfigurationName = Release;
		};
/* End XCConfigurationList section */
	};
	rootObject = 42470A1028520FB200EBF140 /* Project object */;
}
